
Microsoft Visual Studio Solution File, Format Version 12.00
# Visual Studio Version 17
VisualStudioVersion = 17.11.35312.102
MinimumVisualStudioVersion = 10.0.40219.1
Project("{FAE04EC0-301F-11D3-BF4B-00C04F79EFBC}") = "MyFirstApp", "MyFirstApp\MyFirstApp.csproj", "{00F2ABBF-E49F-4752-B235-784D93617484}"
EndProject
Global
	GlobalSection(SolutionConfigurationPlatforms) = preSolution
		Debug|Any CPU = Debug|Any CPU
		Release|Any CPU = Release|Any CPU
	EndGlobalSection
	GlobalSection(ProjectConfigurationPlatforms) = postSolution
		{00F2ABBF-E49F-4752-B235-784D93617484}.Debug|Any CPU.ActiveCfg = Debug|Any CPU
		{00F2ABBF-E49F-4752-B235-784D93617484}.Debug|Any CPU.Build.0 = Debug|Any CPU
		{00F2ABBF-E49F-4752-B235-784D93617484}.Release|Any CPU.ActiveCfg = Release|Any CPU
		{00F2ABBF-E49F-4752-B235-784D93617484}.Release|Any CPU.Build.0 = Release|Any CPU
	EndGlobalSection
	GlobalSection(SolutionProperties) = preSolution
		HideSolutionNode = FALSE
	EndGlobalSection
	GlobalSection(ExtensibilityGlobals) = postSolution
		SolutionGuid = {F55E1897-624B-4687-8109-9C26B5BF471E}
	EndGlobalSection
EndGlobal
